
Microsoft Visual Studio Solution File, Format Version 12.00
# Visual Studio Version 17
VisualStudioVersion = 17.12.35707.178
MinimumVisualStudioVersion = 10.0.40219.1
Project("{FAE04EC0-301F-11D3-BF4B-00C04F79EFBC}") = "WebShop.Server", "WebShop\WebShop.Server.csproj", "{85E3B1AB-979E-4BA9-B6C8-E53F23710A0E}"
EndProject
Project("{FAE04EC0-301F-11D3-BF4B-00C04F79EFBC}") = "WebShop.AppHost", "WebShop.AppHost\WebShop.AppHost.csproj", "{5D6695F1-251E-4095-AFE3-A2F633C756B2}"
EndProject
Project("{FAE04EC0-301F-11D3-BF4B-00C04F79EFBC}") = "WebShop.Domain", "WebShop.Domain\WebShop.Domain.csproj", "{7C9516D0-CA8F-4E5D-BBBD-EB2A176D1EF1}"
EndProject
Global
	GlobalSection(SolutionConfigurationPlatforms) = preSolution
		Debug|Any CPU = Debug|Any CPU
		Release|Any CPU = Release|Any CPU
	EndGlobalSection
	GlobalSection(ProjectConfigurationPlatforms) = postSolution
		{85E3B1AB-979E-4BA9-B6C8-E53F23710A0E}.Debug|Any CPU.ActiveCfg = Debug|Any CPU
		{85E3B1AB-979E-4BA9-B6C8-E53F23710A0E}.Debug|Any CPU.Build.0 = Debug|Any CPU
		{85E3B1AB-979E-4BA9-B6C8-E53F23710A0E}.Release|Any CPU.ActiveCfg = Release|Any CPU
		{85E3B1AB-979E-4BA9-B6C8-E53F23710A0E}.Release|Any CPU.Build.0 = Release|Any CPU
		{5D6695F1-251E-4095-AFE3-A2F633C756B2}.Debug|Any CPU.ActiveCfg = Debug|Any CPU
		{5D6695F1-251E-4095-AFE3-A2F633C756B2}.Debug|Any CPU.Build.0 = Debug|Any CPU
		{5D6695F1-251E-4095-AFE3-A2F633C756B2}.Release|Any CPU.ActiveCfg = Release|Any CPU
		{5D6695F1-251E-4095-AFE3-A2F633C756B2}.Release|Any CPU.Build.0 = Release|Any CPU
		{7C9516D0-CA8F-4E5D-BBBD-EB2A176D1EF1}.Debug|Any CPU.ActiveCfg = Debug|Any CPU
		{7C9516D0-CA8F-4E5D-BBBD-EB2A176D1EF1}.Debug|Any CPU.Build.0 = Debug|Any CPU
		{7C9516D0-CA8F-4E5D-BBBD-EB2A176D1EF1}.Release|Any CPU.ActiveCfg = Release|Any CPU
		{7C9516D0-CA8F-4E5D-BBBD-EB2A176D1EF1}.Release|Any CPU.Build.0 = Release|Any CPU
	EndGlobalSection
	GlobalSection(SolutionProperties) = preSolution
		HideSolutionNode = FALSE
	EndGlobalSection
EndGlobal
